
Microsoft Visual Studio Solution File, Format Version 12.00
# Visual Studio Version 16
VisualStudioVersion = 16.0.31410.357
MinimumVisualStudioVersion = 10.0.40219.1
Project("{9A19103F-16F7-4668-BE54-9A1E7A4F7556}") = "Projeto.Incial", "Projeto.Inicial\Projeto.Incial.csproj", "{F9198E5A-4186-4B73-9C70-3110FFD66F12}"
EndProject
Global
	GlobalSection(SolutionConfigurationPlatforms) = preSolution
		Debug|Any CPU = Debug|Any CPU
		Release|Any CPU = Release|Any CPU
	EndGlobalSection
	GlobalSection(ProjectConfigurationPlatforms) = postSolution
		{F9198E5A-4186-4B73-9C70-3110FFD66F12}.Debug|Any CPU.ActiveCfg = Debug|Any CPU
		{F9198E5A-4186-4B73-9C70-3110FFD66F12}.Debug|Any CPU.Build.0 = Debug|Any CPU
		{F9198E5A-4186-4B73-9C70-3110FFD66F12}.Release|Any CPU.ActiveCfg = Release|Any CPU
		{F9198E5A-4186-4B73-9C70-3110FFD66F12}.Release|Any CPU.Build.0 = Release|Any CPU
	EndGlobalSection
	GlobalSection(SolutionProperties) = preSolution
		HideSolutionNode = FALSE
	EndGlobalSection
	GlobalSection(ExtensibilityGlobals) = postSolution
		SolutionGuid = {F6F0E5CE-A719-433B-95B0-E3725AA5B5EE}
	EndGlobalSection
EndGlobal
